
Microsoft Visual Studio Solution File, Format Version 12.00
# Visual Studio Version 17
VisualStudioVersion = 17.5.33424.131
MinimumVisualStudioVersion = 10.0.40219.1
Project("{9A19103F-16F7-4668-BE54-9A1E7A4F7556}") = "Assignment3Morgenmadbuffeten", "Assignment3Morgenmadbuffeten\Assignment3Morgenmadbuffeten.csproj", "{7E7C2917-3A22-43AD-B077-92DB7BE3C812}"
EndProject
Global
	GlobalSection(SolutionConfigurationPlatforms) = preSolution
		Debug|Any CPU = Debug|Any CPU
		Release|Any CPU = Release|Any CPU
	EndGlobalSection
	GlobalSection(ProjectConfigurationPlatforms) = postSolution
		{7E7C2917-3A22-43AD-B077-92DB7BE3C812}.Debug|Any CPU.ActiveCfg = Debug|Any CPU
		{7E7C2917-3A22-43AD-B077-92DB7BE3C812}.Debug|Any CPU.Build.0 = Debug|Any CPU
		{7E7C2917-3A22-43AD-B077-92DB7BE3C812}.Release|Any CPU.ActiveCfg = Release|Any CPU
		{7E7C2917-3A22-43AD-B077-92DB7BE3C812}.Release|Any CPU.Build.0 = Release|Any CPU
	EndGlobalSection
	GlobalSection(SolutionProperties) = preSolution
		HideSolutionNode = FALSE
	EndGlobalSection
	GlobalSection(ExtensibilityGlobals) = postSolution
		SolutionGuid = {E5ED4DA3-4024-4E8D-BE98-CA1A57BEDCC7}
	EndGlobalSection
EndGlobal
